
Microsoft Visual Studio Solution File, Format Version 11.00
# Visual C# Express 2010
Project("{FAE04EC0-301F-11D3-BF4B-00C04F79EFBC}") = "Clerc2011", "Clerc2011\Clerc2011.csproj", "{24F68C0D-6E8D-40D7-9E05-D3EF9ABDD17A}"
EndProject
Project("{FAE04EC0-301F-11D3-BF4B-00C04F79EFBC}") = "RES.CSVReader", "CSVReader\RES.CSVReader.csproj", "{85FEB5F7-08DC-45B1-A23F-FED89D95170A}"
EndProject
Project("{FAE04EC0-301F-11D3-BF4B-00C04F79EFBC}") = "DeltaWindFlow", "DeltaWindFlow\DeltaWindFlow.csproj", "{D74E20F4-9B42-4AA5-BEB2-D2DD42EC4DAB}"
EndProject
Global
	GlobalSection(SolutionConfigurationPlatforms) = preSolution
		Debug|Any CPU = Debug|Any CPU
		Debug|Mixed Platforms = Debug|Mixed Platforms
		Debug|x86 = Debug|x86
		Release|Any CPU = Release|Any CPU
		Release|Mixed Platforms = Release|Mixed Platforms
		Release|x86 = Release|x86
	EndGlobalSection
	GlobalSection(ProjectConfigurationPlatforms) = postSolution
		{24F68C0D-6E8D-40D7-9E05-D3EF9ABDD17A}.Debug|Any CPU.ActiveCfg = Debug|Any CPU
		{24F68C0D-6E8D-40D7-9E05-D3EF9ABDD17A}.Debug|Any CPU.Build.0 = Debug|Any CPU
		{24F68C0D-6E8D-40D7-9E05-D3EF9ABDD17A}.Debug|Mixed Platforms.ActiveCfg = Debug|Any CPU
		{24F68C0D-6E8D-40D7-9E05-D3EF9ABDD17A}.Debug|Mixed Platforms.Build.0 = Debug|Any CPU
		{24F68C0D-6E8D-40D7-9E05-D3EF9ABDD17A}.Debug|x86.ActiveCfg = Debug|Any CPU
		{24F68C0D-6E8D-40D7-9E05-D3EF9ABDD17A}.Release|Any CPU.ActiveCfg = Release|Any CPU
		{24F68C0D-6E8D-40D7-9E05-D3EF9ABDD17A}.Release|Any CPU.Build.0 = Release|Any CPU
		{24F68C0D-6E8D-40D7-9E05-D3EF9ABDD17A}.Release|Mixed Platforms.ActiveCfg = Release|Any CPU
		{24F68C0D-6E8D-40D7-9E05-D3EF9ABDD17A}.Release|Mixed Platforms.Build.0 = Release|Any CPU
		{24F68C0D-6E8D-40D7-9E05-D3EF9ABDD17A}.Release|x86.ActiveCfg = Release|Any CPU
		{85FEB5F7-08DC-45B1-A23F-FED89D95170A}.Debug|Any CPU.ActiveCfg = Debug|Any CPU
		{85FEB5F7-08DC-45B1-A23F-FED89D95170A}.Debug|Any CPU.Build.0 = Debug|Any CPU
		{85FEB5F7-08DC-45B1-A23F-FED89D95170A}.Debug|Mixed Platforms.ActiveCfg = Debug|Any CPU
		{85FEB5F7-08DC-45B1-A23F-FED89D95170A}.Debug|Mixed Platforms.Build.0 = Debug|Any CPU
		{85FEB5F7-08DC-45B1-A23F-FED89D95170A}.Debug|x86.ActiveCfg = Debug|Any CPU
		{85FEB5F7-08DC-45B1-A23F-FED89D95170A}.Release|Any CPU.ActiveCfg = Release|Any CPU
		{85FEB5F7-08DC-45B1-A23F-FED89D95170A}.Release|Any CPU.Build.0 = Release|Any CPU
		{85FEB5F7-08DC-45B1-A23F-FED89D95170A}.Release|Mixed Platforms.ActiveCfg = Release|Any CPU
		{85FEB5F7-08DC-45B1-A23F-FED89D95170A}.Release|Mixed Platforms.Build.0 = Release|Any CPU
		{85FEB5F7-08DC-45B1-A23F-FED89D95170A}.Release|x86.ActiveCfg = Release|Any CPU
		{D74E20F4-9B42-4AA5-BEB2-D2DD42EC4DAB}.Debug|Any CPU.ActiveCfg = Debug|x86
		{D74E20F4-9B42-4AA5-BEB2-D2DD42EC4DAB}.Debug|Mixed Platforms.ActiveCfg = Debug|x86
		{D74E20F4-9B42-4AA5-BEB2-D2DD42EC4DAB}.Debug|Mixed Platforms.Build.0 = Debug|x86
		{D74E20F4-9B42-4AA5-BEB2-D2DD42EC4DAB}.Debug|x86.ActiveCfg = Debug|x86
		{D74E20F4-9B42-4AA5-BEB2-D2DD42EC4DAB}.Debug|x86.Build.0 = Debug|x86
		{D74E20F4-9B42-4AA5-BEB2-D2DD42EC4DAB}.Release|Any CPU.ActiveCfg = Release|x86
		{D74E20F4-9B42-4AA5-BEB2-D2DD42EC4DAB}.Release|Mixed Platforms.ActiveCfg = Release|x86
		{D74E20F4-9B42-4AA5-BEB2-D2DD42EC4DAB}.Release|Mixed Platforms.Build.0 = Release|x86
		{D74E20F4-9B42-4AA5-BEB2-D2DD42EC4DAB}.Release|x86.ActiveCfg = Release|x86
		{D74E20F4-9B42-4AA5-BEB2-D2DD42EC4DAB}.Release|x86.Build.0 = Release|x86
	EndGlobalSection
	GlobalSection(SolutionProperties) = preSolution
		HideSolutionNode = FALSE
	EndGlobalSection
EndGlobal
